// !$*UTF8*$!
{
	archiveVersion = 1;
	classes = {
	};
	objectVersion = 77;
	objects = {

/* Begin PBXContainerItemProxy section */
		36F5433E2DE7BEA700131A9C /* PBXContainerItemProxy */ = {
			isa = PBXContainerItemProxy;
			containerPortal = 36F543262DE7BEA600131A9C /* Project object */;
			proxyType = 1;
			remoteGlobalIDString = 36F5432D2DE7BEA600131A9C;
			remoteInfo = "Strength Cycles";
		};
		36F543482DE7BEA700131A9C /* PBXContainerItemProxy */ = {
			isa = PBXContainerItemProxy;
			containerPortal = 36F543262DE7BEA600131A9C /* Project object */;
			proxyType = 1;
			remoteGlobalIDString = 36F5432D2DE7BEA600131A9C;
			remoteInfo = "Strength Cycles";
		};
/* End PBXContainerItemProxy section */

/* Begin PBXFileReference section */
		36F5432E2DE7BEA600131A9C /* Strength Cycles.app */ = {isa = PBXFileReference; explicitFileType = wrapper.application; includeInIndex = 0; path = "Strength Cycles.app"; sourceTree = BUILT_PRODUCTS_DIR; };
		36F5433D2DE7BEA700131A9C /* Strength CyclesTests.xctest */ = {isa = PBXFileReference; explicitFileType = wrapper.cfbundle; includeInIndex = 0; path = "Strength CyclesTests.xctest"; sourceTree = BUILT_PRODUCTS_DIR; };
		36F543472DE7BEA700131A9C /* Strength CyclesUITests.xctest */ = {isa = PBXFileReference; explicitFileType = wrapper.cfbundle; includeInIndex = 0; path = "Strength CyclesUITests.xctest"; sourceTree = BUILT_PRODUCTS_DIR; };
/* End PBXFileReference section */

/* Begin PBXFileSystemSynchronizedRootGroup section */
		36F543302DE7BEA600131A9C /* Strength Cycles */ = {
			isa = PBXFileSystemSynchronizedRootGroup;
			path = "Strength Cycles";
			sourceTree = "<group>";
		};
		36F543402DE7BEA700131A9C /* Strength CyclesTests */ = {
			isa = PBXFileSystemSynchronizedRootGroup;
			path = "Strength CyclesTests";
			sourceTree = "<group>";
		};
		36F5434A2DE7BEA700131A9C /* Strength CyclesUITests */ = {
			isa = PBXFileSystemSynchronizedRootGroup;
			path = "Strength CyclesUITests";
			sourceTree = "<group>";
		};
/* End PBXFileSystemSynchronizedRootGroup section */

/* Begin PBXFrameworksBuildPhase section */
		36F5432B2DE7BEA600131A9C /* Frameworks */ = {
			isa = PBXFrameworksBuildPhase;
			buildActionMask = 2147483647;
			files = (
			);
			runOnlyForDeploymentPostprocessing = 0;
		};
		36F5433A2DE7BEA700131A9C /* Frameworks */ = {
			isa = PBXFrameworksBuildPhase;
			buildActionMask = 2147483647;
			files = (
			);
			runOnlyForDeploymentPostprocessing = 0;
		};
		36F543442DE7BEA700131A9C /* Frameworks */ = {
			isa = PBXFrameworksBuildPhase;
			buildActionMask = 2147483647;
			files = (
			);
			runOnlyForDeploymentPostprocessing = 0;
		};
/* End PBXFrameworksBuildPhase section */

/* Begin PBXGroup section */
		36F543252DE7BEA600131A9C = {
			isa = PBXGroup;
			children = (
				36F543302DE7BEA600131A9C /* Strength Cycles */,
				36F543402DE7BEA700131A9C /* Strength CyclesTests */,
				36F5434A2DE7BEA700131A9C /* Strength CyclesUITests */,
				36F5432F2DE7BEA600131A9C /* Products */,
			);
			sourceTree = "<group>";
		};
		36F5432F2DE7BEA600131A9C /* Products */ = {
			isa = PBXGroup;
			children = (
				36F5432E2DE7BEA600131A9C /* Strength Cycles.app */,
				36F5433D2DE7BEA700131A9C /* Strength CyclesTests.xctest */,
				36F543472DE7BEA700131A9C /* Strength CyclesUITests.xctest */,
			);
			name = Products;
			sourceTree = "<group>";
		};
/* End PBXGroup section */

/* Begin PBXNativeTarget section */
		36F5432D2DE7BEA600131A9C /* Strength Cycles */ = {
			isa = PBXNativeTarget;
			buildConfigurationList = 36F543512DE7BEA700131A9C /* Build configuration list for PBXNativeTarget "Strength Cycles" */;
			buildPhases = (
				36F5432A2DE7BEA600131A9C /* Sources */,
				36F5432B2DE7BEA600131A9C /* Frameworks */,
				36F5432C2DE7BEA600131A9C /* Resources */,
			);
			buildRules = (
			);
			dependencies = (
			);
			fileSystemSynchronizedGroups = (
				36F543302DE7BEA600131A9C /* Strength Cycles */,
			);
			name = "Strength Cycles";
			packageProductDependencies = (
			);
			productName = "Strength Cycles";
			productReference = 36F5432E2DE7BEA600131A9C /* Strength Cycles.app */;
			productType = "com.apple.product-type.application";
		};
		36F5433C2DE7BEA700131A9C /* Strength CyclesTests */ = {
			isa = PBXNativeTarget;
			buildConfigurationList = 36F543542DE7BEA700131A9C /* Build configuration list for PBXNativeTarget "Strength CyclesTests" */;
			buildPhases = (
				36F543392DE7BEA700131A9C /* Sources */,
				36F5433A2DE7BEA700131A9C /* Frameworks */,
				36F5433B2DE7BEA700131A9C /* Resources */,
			);
			buildRules = (
			);
			dependencies = (
				36F5433F2DE7BEA700131A9C /* PBXTargetDependency */,
			);
			fileSystemSynchronizedGroups = (
				36F543402DE7BEA700131A9C /* Strength CyclesTests */,
			);
			name = "Strength CyclesTests";
			packageProductDependencies = (
			);
			productName = "Strength CyclesTests";
			productReference = 36F5433D2DE7BEA700131A9C /* Strength CyclesTests.xctest */;
			productType = "com.apple.product-type.bundle.unit-test";
		};
		36F543462DE7BEA700131A9C /* Strength CyclesUITests */ = {
			isa = PBXNativeTarget;
			buildConfigurationList = 36F543572DE7BEA700131A9C /* Build configuration list for PBXNativeTarget "Strength CyclesUITests" */;
			buildPhases = (
				36F543432DE7BEA700131A9C /* Sources */,
				36F543442DE7BEA700131A9C /* Frameworks */,
				36F543452DE7BEA700131A9C /* Resources */,
			);
			buildRules = (
			);
			dependencies = (
				36F543492DE7BEA700131A9C /* PBXTargetDependency */,
			);
			fileSystemSynchronizedGroups = (
				36F5434A2DE7BEA700131A9C /* Strength CyclesUITests */,
			);
			name = "Strength CyclesUITests";
			packageProductDependencies = (
			);
			productName = "Strength CyclesUITests";
			productReference = 36F543472DE7BEA700131A9C /* Strength CyclesUITests.xctest */;
			productType = "com.apple.product-type.bundle.ui-testing";
		};
/* End PBXNativeTarget section */

/* Begin PBXProject section */
		36F543262DE7BEA600131A9C /* Project object */ = {
			isa = PBXProject;
			attributes = {
				BuildIndependentTargetsInParallel = 1;
				LastSwiftUpdateCheck = 1630;
				LastUpgradeCheck = 1630;
				TargetAttributes = {
					36F5432D2DE7BEA600131A9C = {
						CreatedOnToolsVersion = 16.3;
					};
					36F5433C2DE7BEA700131A9C = {
						CreatedOnToolsVersion = 16.3;
						TestTargetID = 36F5432D2DE7BEA600131A9C;
					};
					36F543462DE7BEA700131A9C = {
						CreatedOnToolsVersion = 16.3;
						TestTargetID = 36F5432D2DE7BEA600131A9C;
					};
				};
			};
			buildConfigurationList = 36F543292DE7BEA600131A9C /* Build configuration list for PBXProject "Strength Cycles" */;
			developmentRegion = en;
			hasScannedForEncodings = 0;
			knownRegions = (
				en,
				Base,
			);
			mainGroup = 36F543252DE7BEA600131A9C;
			minimizedProjectReferenceProxies = 1;
			preferredProjectObjectVersion = 77;
			productRefGroup = 36F5432F2DE7BEA600131A9C /* Products */;
			projectDirPath = "";
			projectRoot = "";
			targets = (
				36F5432D2DE7BEA600131A9C /* Strength Cycles */,
				36F5433C2DE7BEA700131A9C /* Strength CyclesTests */,
				36F543462DE7BEA700131A9C /* Strength CyclesUITests */,
			);
		};
/* End PBXProject section */

/* Begin PBXResourcesBuildPhase section */
		36F5432C2DE7BEA600131A9C /* Resources */ = {
			isa = PBXResourcesBuildPhase;
			buildActionMask = 2147483647;
			files = (
			);
			runOnlyForDeploymentPostprocessing = 0;
		};
		36F5433B2DE7BEA700131A9C /* Resources */ = {
			isa = PBXResourcesBuildPhase;
			buildActionMask = 2147483647;
			files = (
			);
			runOnlyForDeploymentPostprocessing = 0;
		};
		36F543452DE7BEA700131A9C /* Resources */ = {
			isa = PBXResourcesBuildPhase;
			buildActionMask = 2147483647;
			files = (
			);
			runOnlyForDeploymentPostprocessing = 0;
		};
/* End PBXResourcesBuildPhase section */

/* Begin PBXSourcesBuildPhase section */
		36F5432A2DE7BEA600131A9C /* Sources */ = {
			isa = PBXSourcesBuildPhase;
			buildActionMask = 2147483647;
			files = (
			);
			runOnlyForDeploymentPostprocessing = 0;
		};
		36F543392DE7BEA700131A9C /* Sources */ = {
			isa = PBXSourcesBuildPhase;
			buildActionMask = 2147483647;
			files = (
			);
			runOnlyForDeploymentPostprocessing = 0;
		};
		36F543432DE7BEA700131A9C /* Sources */ = {
			isa = PBXSourcesBuildPhase;
			buildActionMask = 2147483647;
			files = (
			);
			runOnlyForDeploymentPostprocessing = 0;
		};
/* End PBXSourcesBuildPhase section */

/* Begin PBXTargetDependency section */
		36F5433F2DE7BEA700131A9C /* PBXTargetDependency */ = {
			isa = PBXTargetDependency;
			target = 36F5432D2DE7BEA600131A9C /* Strength Cycles */;
			targetProxy = 36F5433E2DE7BEA700131A9C /* PBXContainerItemProxy */;
		};
		36F543492DE7BEA700131A9C /* PBXTargetDependency */ = {
			isa = PBXTargetDependency;
			target = 36F5432D2DE7BEA600131A9C /* Strength Cycles */;
			targetProxy = 36F543482DE7BEA700131A9C /* PBXContainerItemProxy */;
		};
/* End PBXTargetDependency section */

/* Begin XCBuildConfiguration section */
		36F5434F2DE7BEA700131A9C /* Debug */ = {
			isa = XCBuildConfiguration;
			buildSettings = {
				ALWAYS_SEARCH_USER_PATHS = NO;
				ASSETCATALOG_COMPILER_GENERATE_SWIFT_ASSET_SYMBOL_EXTENSIONS = YES;
				CLANG_ANALYZER_NONNULL = YES;
				CLANG_ANALYZER_NUMBER_OBJECT_CONVERSION = YES_AGGRESSIVE;
				CLANG_CXX_LANGUAGE_STANDARD = "gnu++20";
				CLANG_ENABLE_MODULES = YES;
				CLANG_ENABLE_OBJC_ARC = YES;
				CLANG_ENABLE_OBJC_WEAK = YES;
				CLANG_WARN_BLOCK_CAPTURE_AUTORELEASING = YES;
				CLANG_WARN_BOOL_CONVERSION = YES;
				CLANG_WARN_COMMA = YES;
				CLANG_WARN_CONSTANT_CONVERSION = YES;
				CLANG_WARN_DEPRECATED_OBJC_IMPLEMENTATIONS = YES;
				CLANG_WARN_DIRECT_OBJC_ISA_USAGE = YES_ERROR;
				CLANG_WARN_DOCUMENTATION_COMMENTS = YES;
				CLANG_WARN_EMPTY_BODY = YES;
				CLANG_WARN_ENUM_CONVERSION = YES;
				CLANG_WARN_INFINITE_RECURSION = YES;
				CLANG_WARN_INT_CONVERSION = YES;
				CLANG_WARN_NON_LITERAL_NULL_CONVERSION = YES;
				CLANG_WARN_OBJC_IMPLICIT_RETAIN_SELF = YES;
				CLANG_WARN_OBJC_LITERAL_CONVERSION = YES;
				CLANG_WARN_OBJC_ROOT_CLASS = YES_ERROR;
				CLANG_WARN_QUOTED_INCLUDE_IN_FRAMEWORK_HEADER = YES;
				CLANG_WARN_RANGE_LOOP_ANALYSIS = YES;
				CLANG_WARN_STRICT_PROTOTYPES = YES;
				CLANG_WARN_SUSPICIOUS_MOVE = YES;
				CLANG_WARN_UNGUARDED_AVAILABILITY = YES_AGGRESSIVE;
				CLANG_WARN_UNREACHABLE_CODE = YES;
				CLANG_WARN__DUPLICATE_METHOD_MATCH = YES;
				COPY_PHASE_STRIP = NO;
				DEBUG_INFORMATION_FORMAT = dwarf;
				DEVELOPMENT_TEAM = 69ML2GA87D;
				ENABLE_STRICT_OBJC_MSGSEND = YES;
				ENABLE_TESTABILITY = YES;
				ENABLE_USER_SCRIPT_SANDBOXING = YES;
				GCC_C_LANGUAGE_STANDARD = gnu17;
				GCC_DYNAMIC_NO_PIC = NO;
				GCC_NO_COMMON_BLOCKS = YES;
				GCC_OPTIMIZATION_LEVEL = 0;
				GCC_PREPROCESSOR_DEFINITIONS = (
					"DEBUG=1",
					"$(inherited)",
				);
				GCC_WARN_64_TO_32_BIT_CONVERSION = YES;
				GCC_WARN_ABOUT_RETURN_TYPE = YES_ERROR;
				GCC_WARN_UNDECLARED_SELECTOR = YES;
				GCC_WARN_UNINITIALIZED_AUTOS = YES_AGGRESSIVE;
				GCC_WARN_UNUSED_FUNCTION = YES;
				GCC_WARN_UNUSED_VARIABLE = YES;
				IPHONEOS_DEPLOYMENT_TARGET = 18.4;
				LOCALIZATION_PREFERS_STRING_CATALOGS = YES;
				MTL_ENABLE_DEBUG_INFO = INCLUDE_SOURCE;
				MTL_FAST_MATH = YES;
				ONLY_ACTIVE_ARCH = YES;
				SDKROOT = iphoneos;
				SWIFT_ACTIVE_COMPILATION_CONDITIONS = "DEBUG $(inherited)";
				SWIFT_OPTIMIZATION_LEVEL = "-Onone";
			};
			name = Debug;
		};
		36F543502DE7BEA700131A9C /* Release */ = {
			isa = XCBuildConfiguration;
			buildSettings = {
				ALWAYS_SEARCH_USER_PATHS = NO;
				ASSETCATALOG_COMPILER_GENERATE_SWIFT_ASSET_SYMBOL_EXTENSIONS = YES;
				CLANG_ANALYZER_NONNULL = YES;
				CLANG_ANALYZER_NUMBER_OBJECT_CONVERSION = YES_AGGRESSIVE;
				CLANG_CXX_LANGUAGE_STANDARD = "gnu++20";
				CLANG_ENABLE_MODULES = YES;
				CLANG_ENABLE_OBJC_ARC = YES;
				CLANG_ENABLE_OBJC_WEAK = YES;
				CLANG_WARN_BLOCK_CAPTURE_AUTORELEASING = YES;
				CLANG_WARN_BOOL_CONVERSION = YES;
				CLANG_WARN_COMMA = YES;
				CLANG_WARN_CONSTANT_CONVERSION = YES;
				CLANG_WARN_DEPRECATED_OBJC_IMPLEMENTATIONS = YES;
				CLANG_WARN_DIRECT_OBJC_ISA_USAGE = YES_ERROR;
				CLANG_WARN_DOCUMENTATION_COMMENTS = YES;
				CLANG_WARN_EMPTY_BODY = YES;
				CLANG_WARN_ENUM_CONVERSION = YES;
				CLANG_WARN_INFINITE_RECURSION = YES;
				CLANG_WARN_INT_CONVERSION = YES;
				CLANG_WARN_NON_LITERAL_NULL_CONVERSION = YES;
				CLANG_WARN_OBJC_IMPLICIT_RETAIN_SELF = YES;
				CLANG_WARN_OBJC_LITERAL_CONVERSION = YES;
				CLANG_WARN_OBJC_ROOT_CLASS = YES_ERROR;
				CLANG_WARN_QUOTED_INCLUDE_IN_FRAMEWORK_HEADER = YES;
				CLANG_WARN_RANGE_LOOP_ANALYSIS = YES;
				CLANG_WARN_STRICT_PROTOTYPES = YES;
				CLANG_WARN_SUSPICIOUS_MOVE = YES;
				CLANG_WARN_UNGUARDED_AVAILABILITY = YES_AGGRESSIVE;
				CLANG_WARN_UNREACHABLE_CODE = YES;
				CLANG_WARN__DUPLICATE_METHOD_MATCH = YES;
				COPY_PHASE_STRIP = NO;
				DEBUG_INFORMATION_FORMAT = "dwarf-with-dsym";
				DEVELOPMENT_TEAM = 69ML2GA87D;
				ENABLE_NS_ASSERTIONS = NO;
				ENABLE_STRICT_OBJC_MSGSEND = YES;
				ENABLE_USER_SCRIPT_SANDBOXING = YES;
				GCC_C_LANGUAGE_STANDARD = gnu17;
				GCC_NO_COMMON_BLOCKS = YES;
				GCC_WARN_64_TO_32_BIT_CONVERSION = YES;
				GCC_WARN_ABOUT_RETURN_TYPE = YES_ERROR;
				GCC_WARN_UNDECLARED_SELECTOR = YES;
				GCC_WARN_UNINITIALIZED_AUTOS = YES_AGGRESSIVE;
				GCC_WARN_UNUSED_FUNCTION = YES;
				GCC_WARN_UNUSED_VARIABLE = YES;
				IPHONEOS_DEPLOYMENT_TARGET = 18.4;
				LOCALIZATION_PREFERS_STRING_CATALOGS = YES;
				MTL_ENABLE_DEBUG_INFO = NO;
				MTL_FAST_MATH = YES;
				SDKROOT = iphoneos;
				SWIFT_COMPILATION_MODE = wholemodule;
				VALIDATE_PRODUCT = YES;
			};
			name = Release;
		};
		36F543522DE7BEA700131A9C /* Debug */ = {
			isa = XCBuildConfiguration;
			buildSettings = {
				ASSETCATALOG_COMPILER_APPICON_NAME = AppIcon;
				ASSETCATALOG_COMPILER_GLOBAL_ACCENT_COLOR_NAME = AccentColor;
				CODE_SIGN_STYLE = Automatic;
				CURRENT_PROJECT_VERSION = 1;
				DEVELOPMENT_TEAM = 69ML2GA87D;
				ENABLE_PREVIEWS = YES;
				GENERATE_INFOPLIST_FILE = YES;
				INFOPLIST_KEY_UIApplicationSceneManifest_Generation = YES;
				INFOPLIST_KEY_UIApplicationSupportsIndirectInputEvents = YES;
				INFOPLIST_KEY_UILaunchScreen_Generation = YES;
				INFOPLIST_KEY_UISupportedInterfaceOrientations_iPad = "UIInterfaceOrientationPortrait UIInterfaceOrientationPortraitUpsideDown UIInterfaceOrientationLandscapeLeft UIInterfaceOrientationLandscapeRight";
				INFOPLIST_KEY_UISupportedInterfaceOrientations_iPhone = "UIInterfaceOrientationPortrait UIInterfaceOrientationLandscapeLeft UIInterfaceOrientationLandscapeRight";
				LD_RUNPATH_SEARCH_PATHS = (
					"$(inherited)",
					"@executable_path/Frameworks",
				);
				MARKETING_VERSION = 1.0;
				PRODUCT_BUNDLE_IDENTIFIER = "mpbunce.Strength-Cycles";
				PRODUCT_NAME = "$(TARGET_NAME)";
				SWIFT_EMIT_LOC_STRINGS = YES;
				SWIFT_VERSION = 5.0;
				TARGETED_DEVICE_FAMILY = "1,2";
			};
			name = Debug;
		};
		36F543532DE7BEA700131A9C /* Release */ = {
			isa = XCBuildConfiguration;
			buildSettings = {
				ASSETCATALOG_COMPILER_APPICON_NAME = AppIcon;
				ASSETCATALOG_COMPILER_GLOBAL_ACCENT_COLOR_NAME = AccentColor;
				CODE_SIGN_STYLE = Automatic;
				CURRENT_PROJECT_VERSION = 1;
				DEVELOPMENT_TEAM = 69ML2GA87D;
				ENABLE_PREVIEWS = YES;
				GENERATE_INFOPLIST_FILE = YES;
				INFOPLIST_KEY_UIApplicationSceneManifest_Generation = YES;
				INFOPLIST_KEY_UIApplicationSupportsIndirectInputEvents = YES;
				INFOPLIST_KEY_UILaunchScreen_Generation = YES;
				INFOPLIST_KEY_UISupportedInterfaceOrientations_iPad = "UIInterfaceOrientationPortrait UIInterfaceOrientationPortraitUpsideDown UIInterfaceOrientationLandscapeLeft UIInterfaceOrientationLandscapeRight";
				INFOPLIST_KEY_UISupportedInterfaceOrientations_iPhone = "UIInterfaceOrientationPortrait UIInterfaceOrientationLandscapeLeft UIInterfaceOrientationLandscapeRight";
				LD_RUNPATH_SEARCH_PATHS = (
					"$(inherited)",
					"@executable_path/Frameworks",
				);
				MARKETING_VERSION = 1.0;
				PRODUCT_BUNDLE_IDENTIFIER = "mpbunce.Strength-Cycles";
				PRODUCT_NAME = "$(TARGET_NAME)";
				SWIFT_EMIT_LOC_STRINGS = YES;
				SWIFT_VERSION = 5.0;
				TARGETED_DEVICE_FAMILY = "1,2";
			};
			name = Release;
		};
		36F543552DE7BEA700131A9C /* Debug */ = {
			isa = XCBuildConfiguration;
			buildSettings = {
				BUNDLE_LOADER = "$(TEST_HOST)";
				CODE_SIGN_STYLE = Automatic;
				CURRENT_PROJECT_VERSION = 1;
				DEVELOPMENT_TEAM = 69ML2GA87D;
				GENERATE_INFOPLIST_FILE = YES;
				IPHONEOS_DEPLOYMENT_TARGET = 18.4;
				MARKETING_VERSION = 1.0;
				PRODUCT_BUNDLE_IDENTIFIER = "mpbunce.Strength-CyclesTests";
				PRODUCT_NAME = "$(TARGET_NAME)";
				SWIFT_EMIT_LOC_STRINGS = NO;
				SWIFT_VERSION = 5.0;
				TARGETED_DEVICE_FAMILY = "1,2";
				TEST_HOST = "$(BUILT_PRODUCTS_DIR)/Strength Cycles.app/$(BUNDLE_EXECUTABLE_FOLDER_PATH)/Strength Cycles";
			};
			name = Debug;
		};
		36F543562DE7BEA700131A9C /* Release */ = {
			isa = XCBuildConfiguration;
			buildSettings = {
				BUNDLE_LOADER = "$(TEST_HOST)";
				CODE_SIGN_STYLE = Automatic;
				CURRENT_PROJECT_VERSION = 1;
				DEVELOPMENT_TEAM = 69ML2GA87D;
				GENERATE_INFOPLIST_FILE = YES;
				IPHONEOS_DEPLOYMENT_TARGET = 18.4;
				MARKETING_VERSION = 1.0;
				PRODUCT_BUNDLE_IDENTIFIER = "mpbunce.Strength-CyclesTests";
				PRODUCT_NAME = "$(TARGET_NAME)";
				SWIFT_EMIT_LOC_STRINGS = NO;
				SWIFT_VERSION = 5.0;
				TARGETED_DEVICE_FAMILY = "1,2";
				TEST_HOST = "$(BUILT_PRODUCTS_DIR)/Strength Cycles.app/$(BUNDLE_EXECUTABLE_FOLDER_PATH)/Strength Cycles";
			};
			name = Release;
		};
		36F543582DE7BEA700131A9C /* Debug */ = {
			isa = XCBuildConfiguration;
			buildSettings = {
				CODE_SIGN_STYLE = Automatic;
				CURRENT_PROJECT_VERSION = 1;
				DEVELOPMENT_TEAM = 69ML2GA87D;
				GENERATE_INFOPLIST_FILE = YES;
				MARKETING_VERSION = 1.0;
				PRODUCT_BUNDLE_IDENTIFIER = "mpbunce.Strength-CyclesUITests";
				PRODUCT_NAME = "$(TARGET_NAME)";
				SWIFT_EMIT_LOC_STRINGS = NO;
				SWIFT_VERSION = 5.0;
				TARGETED_DEVICE_FAMILY = "1,2";
				TEST_TARGET_NAME = "Strength Cycles";
			};
			name = Debug;
		};
		36F543592DE7BEA700131A9C /* Release */ = {
			isa = XCBuildConfiguration;
			buildSettings = {
				CODE_SIGN_STYLE = Automatic;
				CURRENT_PROJECT_VERSION = 1;
				DEVELOPMENT_TEAM = 69ML2GA87D;
				GENERATE_INFOPLIST_FILE = YES;
				MARKETING_VERSION = 1.0;
				PRODUCT_BUNDLE_IDENTIFIER = "mpbunce.Strength-CyclesUITests";
				PRODUCT_NAME = "$(TARGET_NAME)";
				SWIFT_EMIT_LOC_STRINGS = NO;
				SWIFT_VERSION = 5.0;
				TARGETED_DEVICE_FAMILY = "1,2";
				TEST_TARGET_NAME = "Strength Cycles";
			};
			name = Release;
		};
/* End XCBuildConfiguration section */

/* Begin XCConfigurationList section */
		36F543292DE7BEA600131A9C /* Build configuration list for PBXProject "Strength Cycles" */ = {
			isa = XCConfigurationList;
			buildConfigurations = (
				36F5434F2DE7BEA700131A9C /* Debug */,
				36F543502DE7BEA700131A9C /* Release */,
			);
			defaultConfigurationIsVisible = 0;
			defaultConfigurationName = Release;
		};
		36F543512DE7BEA700131A9C /* Build configuration list for PBXNativeTarget "Strength Cycles" */ = {
			isa = XCConfigurationList;
			buildConfigurations = (
				36F543522DE7BEA700131A9C /* Debug */,
				36F543532DE7BEA700131A9C /* Release */,
			);
			defaultConfigurationIsVisible = 0;
			defaultConfigurationName = Release;
		};
		36F543542DE7BEA700131A9C /* Build configuration list for PBXNativeTarget "Strength CyclesTests" */ = {
			isa = XCConfigurationList;
			buildConfigurations = (
				36F543552DE7BEA700131A9C /* Debug */,
				36F543562DE7BEA700131A9C /* Release */,
			);
			defaultConfigurationIsVisible = 0;
			defaultConfigurationName = Release;
		};
		36F543572DE7BEA700131A9C /* Build configuration list for PBXNativeTarget "Strength CyclesUITests" */ = {
			isa = XCConfigurationList;
			buildConfigurations = (
				36F543582DE7BEA700131A9C /* Debug */,
				36F543592DE7BEA700131A9C /* Release */,
			);
			defaultConfigurationIsVisible = 0;
			defaultConfigurationName = Release;
		};
/* End XCConfigurationList section */
	};
	rootObject = 36F543262DE7BEA600131A9C /* Project object */;
}
